// !$*UTF8*$!
{
	archiveVersion = 1;
	classes = {
	};
	objectVersion = 56;
	objects = {

/* Begin PBXBuildFile section */
		FF0F681C2AAB8B0B0068CAC5 /* AVPlayer+Ding.swift in Sources */ = {isa = PBXBuildFile; fileRef = FF0F681B2AAB8B0B0068CAC5 /* AVPlayer+Ding.swift */; };
		FF0F681E2AAB8B160068CAC5 /* ScrumTimer.swift in Sources */ = {isa = PBXBuildFile; fileRef = FF0F681D2AAB8B160068CAC5 /* ScrumTimer.swift */; };
		FF0F68222AAB8B8C0068CAC5 /* ScrumProgressViewStyle.swift in Sources */ = {isa = PBXBuildFile; fileRef = FF0F68212AAB8B8C0068CAC5 /* ScrumProgressViewStyle.swift */; };
		FF151B882AADC5C1002BB9FD /* ErrorWrapper.swift in Sources */ = {isa = PBXBuildFile; fileRef = FF151B872AADC5C1002BB9FD /* ErrorWrapper.swift */; };
		FF151B8A2AADC663002BB9FD /* ErrorView.swift in Sources */ = {isa = PBXBuildFile; fileRef = FF151B892AADC663002BB9FD /* ErrorView.swift */; };
		FF151B8C2AAE4F6C002BB9FD /* MeetingTimerView.swift in Sources */ = {isa = PBXBuildFile; fileRef = FF151B8B2AAE4F6C002BB9FD /* MeetingTimerView.swift */; };
		FF151B902AAE52C0002BB9FD /* SpeakerArc.swift in Sources */ = {isa = PBXBuildFile; fileRef = FF151B8F2AAE52C0002BB9FD /* SpeakerArc.swift */; };
		FF151B922AAE775F002BB9FD /* SpeechRecognizer.swift in Sources */ = {isa = PBXBuildFile; fileRef = FF151B912AAE775E002BB9FD /* SpeechRecognizer.swift */; };
		FF4F1C352AAB86A700E30D7F /* MeetingHeaderView.swift in Sources */ = {isa = PBXBuildFile; fileRef = FF4F1C342AAB86A700E30D7F /* MeetingHeaderView.swift */; };
		FF5C092E2AA8DE4700B3D681 /* DetailEditView.swift in Sources */ = {isa = PBXBuildFile; fileRef = FF5C092D2AA8DE4700B3D681 /* DetailEditView.swift */; };
		FF6719952AACF9A100F80617 /* History.swift in Sources */ = {isa = PBXBuildFile; fileRef = FF6719942AACF9A100F80617 /* History.swift */; };
		FF6719972AAD20C500F80617 /* ScrumStore.swift in Sources */ = {isa = PBXBuildFile; fileRef = FF6719962AAD20C500F80617 /* ScrumStore.swift */; };
		FF903C542AAB904F00D2A128 /* sound in Resources */ = {isa = PBXBuildFile; fileRef = FF903C532AAB904F00D2A128 /* sound */; };
		FF903C572AABB52B00D2A128 /* MeetingFooterView.swift in Sources */ = {isa = PBXBuildFile; fileRef = FF903C562AABB52B00D2A128 /* MeetingFooterView.swift */; };
		FF903C592AABCB7D00D2A128 /* NewScrumSheet.swift in Sources */ = {isa = PBXBuildFile; fileRef = FF903C582AABCB7D00D2A128 /* NewScrumSheet.swift */; };
		FF998AC72AA90B330099345B /* ThemeView.swift in Sources */ = {isa = PBXBuildFile; fileRef = FF998AC62AA90B330099345B /* ThemeView.swift */; };
		FF998AC92AA90FC00099345B /* ThemePicker.swift in Sources */ = {isa = PBXBuildFile; fileRef = FF998AC82AA90FC00099345B /* ThemePicker.swift */; };
		FFE76FD82AA62A8D00D1B1A1 /* ScrumdingerApp.swift in Sources */ = {isa = PBXBuildFile; fileRef = FFE76FD72AA62A8D00D1B1A1 /* ScrumdingerApp.swift */; };
		FFE76FDA2AA62A8D00D1B1A1 /* MeetingView.swift in Sources */ = {isa = PBXBuildFile; fileRef = FFE76FD92AA62A8D00D1B1A1 /* MeetingView.swift */; };
		FFE76FDC2AA62A8E00D1B1A1 /* Assets.xcassets in Resources */ = {isa = PBXBuildFile; fileRef = FFE76FDB2AA62A8E00D1B1A1 /* Assets.xcassets */; };
		FFE76FDF2AA62A8E00D1B1A1 /* Preview Assets.xcassets in Resources */ = {isa = PBXBuildFile; fileRef = FFE76FDE2AA62A8E00D1B1A1 /* Preview Assets.xcassets */; };
		FFE76FE72AA6847E00D1B1A1 /* Theme.swift in Sources */ = {isa = PBXBuildFile; fileRef = FFE76FE62AA6847E00D1B1A1 /* Theme.swift */; };
		FFE76FE92AA685DE00D1B1A1 /* DailyScrum.swift in Sources */ = {isa = PBXBuildFile; fileRef = FFE76FE82AA685DE00D1B1A1 /* DailyScrum.swift */; };
		FFE76FEB2AA6876100D1B1A1 /* CardView.swift in Sources */ = {isa = PBXBuildFile; fileRef = FFE76FEA2AA6876100D1B1A1 /* CardView.swift */; };
		FFE76FED2AA6987600D1B1A1 /* TrailingIconLabelStyle.swift in Sources */ = {isa = PBXBuildFile; fileRef = FFE76FEC2AA6987600D1B1A1 /* TrailingIconLabelStyle.swift */; };
		FFFA25D42AA7CE0B00F9CCA3 /* ScrumsView.swift in Sources */ = {isa = PBXBuildFile; fileRef = FFFA25D32AA7CE0B00F9CCA3 /* ScrumsView.swift */; };
		FFFA25D62AA7F16F00F9CCA3 /* DetailView.swift in Sources */ = {isa = PBXBuildFile; fileRef = FFFA25D52AA7F16F00F9CCA3 /* DetailView.swift */; };
/* End PBXBuildFile section */

/* Begin PBXFileReference section */
		FF0F681B2AAB8B0B0068CAC5 /* AVPlayer+Ding.swift */ = {isa = PBXFileReference; fileEncoding = 4; lastKnownFileType = sourcecode.swift; path = "AVPlayer+Ding.swift"; sourceTree = "<group>"; };
		FF0F681D2AAB8B160068CAC5 /* ScrumTimer.swift */ = {isa = PBXFileReference; fileEncoding = 4; lastKnownFileType = sourcecode.swift; path = ScrumTimer.swift; sourceTree = "<group>"; };
		FF0F68212AAB8B8C0068CAC5 /* ScrumProgressViewStyle.swift */ = {isa = PBXFileReference; fileEncoding = 4; lastKnownFileType = sourcecode.swift; path = ScrumProgressViewStyle.swift; sourceTree = "<group>"; };
		FF151B872AADC5C1002BB9FD /* ErrorWrapper.swift */ = {isa = PBXFileReference; lastKnownFileType = sourcecode.swift; path = ErrorWrapper.swift; sourceTree = "<group>"; };
		FF151B892AADC663002BB9FD /* ErrorView.swift */ = {isa = PBXFileReference; lastKnownFileType = sourcecode.swift; path = ErrorView.swift; sourceTree = "<group>"; };
		FF151B8B2AAE4F6C002BB9FD /* MeetingTimerView.swift */ = {isa = PBXFileReference; lastKnownFileType = sourcecode.swift; path = MeetingTimerView.swift; sourceTree = "<group>"; };
		FF151B8F2AAE52C0002BB9FD /* SpeakerArc.swift */ = {isa = PBXFileReference; lastKnownFileType = sourcecode.swift; path = SpeakerArc.swift; sourceTree = "<group>"; };
		FF151B912AAE775E002BB9FD /* SpeechRecognizer.swift */ = {isa = PBXFileReference; fileEncoding = 4; lastKnownFileType = sourcecode.swift; path = SpeechRecognizer.swift; sourceTree = "<group>"; };
		FF4F1C342AAB86A700E30D7F /* MeetingHeaderView.swift */ = {isa = PBXFileReference; lastKnownFileType = sourcecode.swift; path = MeetingHeaderView.swift; sourceTree = "<group>"; };
		FF5C092D2AA8DE4700B3D681 /* DetailEditView.swift */ = {isa = PBXFileReference; lastKnownFileType = sourcecode.swift; path = DetailEditView.swift; sourceTree = "<group>"; };
		FF6719942AACF9A100F80617 /* History.swift */ = {isa = PBXFileReference; lastKnownFileType = sourcecode.swift; path = History.swift; sourceTree = "<group>"; };
		FF6719962AAD20C500F80617 /* ScrumStore.swift */ = {isa = PBXFileReference; lastKnownFileType = sourcecode.swift; path = ScrumStore.swift; sourceTree = "<group>"; };
		FF903C532AAB904F00D2A128 /* sound */ = {isa = PBXFileReference; lastKnownFileType = folder; name = sound; path = /Users/hamihash/Desktop/Scrumdinger/Scrumdinger/sound; sourceTree = "<absolute>"; };
		FF903C562AABB52B00D2A128 /* MeetingFooterView.swift */ = {isa = PBXFileReference; lastKnownFileType = sourcecode.swift; path = MeetingFooterView.swift; sourceTree = "<group>"; };
		FF903C582AABCB7D00D2A128 /* NewScrumSheet.swift */ = {isa = PBXFileReference; lastKnownFileType = sourcecode.swift; path = NewScrumSheet.swift; sourceTree = "<group>"; };
		FF998AC62AA90B330099345B /* ThemeView.swift */ = {isa = PBXFileReference; lastKnownFileType = sourcecode.swift; path = ThemeView.swift; sourceTree = "<group>"; };
		FF998AC82AA90FC00099345B /* ThemePicker.swift */ = {isa = PBXFileReference; lastKnownFileType = sourcecode.swift; path = ThemePicker.swift; sourceTree = "<group>"; };
		FFE76FD42AA62A8D00D1B1A1 /* Scrumdinger.app */ = {isa = PBXFileReference; explicitFileType = wrapper.application; includeInIndex = 0; path = Scrumdinger.app; sourceTree = BUILT_PRODUCTS_DIR; };
		FFE76FD72AA62A8D00D1B1A1 /* ScrumdingerApp.swift */ = {isa = PBXFileReference; lastKnownFileType = sourcecode.swift; path = ScrumdingerApp.swift; sourceTree = "<group>"; };
		FFE76FD92AA62A8D00D1B1A1 /* MeetingView.swift */ = {isa = PBXFileReference; lastKnownFileType = sourcecode.swift; path = MeetingView.swift; sourceTree = "<group>"; };
		FFE76FDB2AA62A8E00D1B1A1 /* Assets.xcassets */ = {isa = PBXFileReference; lastKnownFileType = folder.assetcatalog; path = Assets.xcassets; sourceTree = "<group>"; };
		FFE76FDE2AA62A8E00D1B1A1 /* Preview Assets.xcassets */ = {isa = PBXFileReference; lastKnownFileType = folder.assetcatalog; path = "Preview Assets.xcassets"; sourceTree = "<group>"; };
		FFE76FE62AA6847E00D1B1A1 /* Theme.swift */ = {isa = PBXFileReference; lastKnownFileType = sourcecode.swift; path = Theme.swift; sourceTree = "<group>"; };
		FFE76FE82AA685DE00D1B1A1 /* DailyScrum.swift */ = {isa = PBXFileReference; lastKnownFileType = sourcecode.swift; path = DailyScrum.swift; sourceTree = "<group>"; };
		FFE76FEA2AA6876100D1B1A1 /* CardView.swift */ = {isa = PBXFileReference; lastKnownFileType = sourcecode.swift; path = CardView.swift; sourceTree = "<group>"; };
		FFE76FEC2AA6987600D1B1A1 /* TrailingIconLabelStyle.swift */ = {isa = PBXFileReference; lastKnownFileType = sourcecode.swift; path = TrailingIconLabelStyle.swift; sourceTree = "<group>"; };
		FFFA25D32AA7CE0B00F9CCA3 /* ScrumsView.swift */ = {isa = PBXFileReference; lastKnownFileType = sourcecode.swift; path = ScrumsView.swift; sourceTree = "<group>"; };
		FFFA25D52AA7F16F00F9CCA3 /* DetailView.swift */ = {isa = PBXFileReference; lastKnownFileType = sourcecode.swift; path = DetailView.swift; sourceTree = "<group>"; };
/* End PBXFileReference section */

/* Begin PBXFrameworksBuildPhase section */
		FFE76FD12AA62A8D00D1B1A1 /* Frameworks */ = {
			isa = PBXFrameworksBuildPhase;
			buildActionMask = 2147483647;
			files = (
			);
			runOnlyForDeploymentPostprocessing = 0;
		};
/* End PBXFrameworksBuildPhase section */

/* Begin PBXGroup section */
		FF151B8E2AAE5276002BB9FD /* MeetingView */ = {
			isa = PBXGroup;
			children = (
				FFE76FD92AA62A8D00D1B1A1 /* MeetingView.swift */,
				FF4F1C342AAB86A700E30D7F /* MeetingHeaderView.swift */,
				FF151B8B2AAE4F6C002BB9FD /* MeetingTimerView.swift */,
				FF903C562AABB52B00D2A128 /* MeetingFooterView.swift */,
				FF151B8F2AAE52C0002BB9FD /* SpeakerArc.swift */,
			);
			name = MeetingView;
			sourceTree = "<group>";
		};
		FF903C552AAB920E00D2A128 /* Styles */ = {
			isa = PBXGroup;
			children = (
				FFE76FEC2AA6987600D1B1A1 /* TrailingIconLabelStyle.swift */,
				FF0F68212AAB8B8C0068CAC5 /* ScrumProgressViewStyle.swift */,
			);
			name = Styles;
			sourceTree = "<group>";
		};
		FFE76FCB2AA62A8D00D1B1A1 = {
			isa = PBXGroup;
			children = (
				FFE76FD62AA62A8D00D1B1A1 /* Scrumdinger */,
				FFE76FD52AA62A8D00D1B1A1 /* Products */,
			);
			sourceTree = "<group>";
		};
		FFE76FD52AA62A8D00D1B1A1 /* Products */ = {
			isa = PBXGroup;
			children = (
				FFE76FD42AA62A8D00D1B1A1 /* Scrumdinger.app */,
			);
			name = Products;
			sourceTree = "<group>";
		};
		FFE76FD62AA62A8D00D1B1A1 /* Scrumdinger */ = {
			isa = PBXGroup;
			children = (
				FFE76FD72AA62A8D00D1B1A1 /* ScrumdingerApp.swift */,
				FF903C552AAB920E00D2A128 /* Styles */,
				FFE76FE52AA6845600D1B1A1 /* Models */,
				FFFA25D02AA7CDAC00F9CCA3 /* Views */,
				FFE76FDB2AA62A8E00D1B1A1 /* Assets.xcassets */,
				FF903C532AAB904F00D2A128 /* sound */,
				FFE76FDD2AA62A8E00D1B1A1 /* Preview Content */,
			);
			path = Scrumdinger;
			sourceTree = "<group>";
		};
		FFE76FDD2AA62A8E00D1B1A1 /* Preview Content */ = {
			isa = PBXGroup;
			children = (
				FFE76FDE2AA62A8E00D1B1A1 /* Preview Assets.xcassets */,
			);
			path = "Preview Content";
			sourceTree = "<group>";
		};
		FFE76FE52AA6845600D1B1A1 /* Models */ = {
			isa = PBXGroup;
			children = (
				FF6719962AAD20C500F80617 /* ScrumStore.swift */,
				FF0F681B2AAB8B0B0068CAC5 /* AVPlayer+Ding.swift */,
				FF0F681D2AAB8B160068CAC5 /* ScrumTimer.swift */,
				FF151B912AAE775E002BB9FD /* SpeechRecognizer.swift */,
				FFE76FE62AA6847E00D1B1A1 /* Theme.swift */,
				FFE76FE82AA685DE00D1B1A1 /* DailyScrum.swift */,
				FF6719942AACF9A100F80617 /* History.swift */,
				FF151B872AADC5C1002BB9FD /* ErrorWrapper.swift */,
			);
			path = Models;
			sourceTree = "<group>";
		};
		FFE8F2C12AA9401400F8C78D /* ThemePicker */ = {
			isa = PBXGroup;
			children = (
				FF998AC62AA90B330099345B /* ThemeView.swift */,
				FF998AC82AA90FC00099345B /* ThemePicker.swift */,
			);
			name = ThemePicker;
			sourceTree = "<group>";
		};
		FFFA25D02AA7CDAC00F9CCA3 /* Views */ = {
			isa = PBXGroup;
			children = (
				FFFA25D32AA7CE0B00F9CCA3 /* ScrumsView.swift */,
				FF903C582AABCB7D00D2A128 /* NewScrumSheet.swift */,
				FFE76FEA2AA6876100D1B1A1 /* CardView.swift */,
				FFFA25D52AA7F16F00F9CCA3 /* DetailView.swift */,
				FF5C092D2AA8DE4700B3D681 /* DetailEditView.swift */,
				FFE8F2C12AA9401400F8C78D /* ThemePicker */,
				FF151B8E2AAE5276002BB9FD /* MeetingView */,
				FF151B892AADC663002BB9FD /* ErrorView.swift */,
			);
			name = Views;
			sourceTree = "<group>";
		};
/* End PBXGroup section */

/* Begin PBXNativeTarget section */
		FFE76FD32AA62A8D00D1B1A1 /* Scrumdinger */ = {
			isa = PBXNativeTarget;
			buildConfigurationList = FFE76FE22AA62A8E00D1B1A1 /* Build configuration list for PBXNativeTarget "Scrumdinger" */;
			buildPhases = (
				FFE76FD02AA62A8D00D1B1A1 /* Sources */,
				FFE76FD12AA62A8D00D1B1A1 /* Frameworks */,
				FFE76FD22AA62A8D00D1B1A1 /* Resources */,
			);
			buildRules = (
			);
			dependencies = (
			);
			name = Scrumdinger;
			productName = Scrumdinger;
			productReference = FFE76FD42AA62A8D00D1B1A1 /* Scrumdinger.app */;
			productType = "com.apple.product-type.application";
		};
/* End PBXNativeTarget section */

/* Begin PBXProject section */
		FFE76FCC2AA62A8D00D1B1A1 /* Project object */ = {
			isa = PBXProject;
			attributes = {
				BuildIndependentTargetsInParallel = 1;
				LastSwiftUpdateCheck = 1430;
				LastUpgradeCheck = 1430;
				TargetAttributes = {
					FFE76FD32AA62A8D00D1B1A1 = {
						CreatedOnToolsVersion = 14.3.1;
					};
				};
			};
			buildConfigurationList = FFE76FCF2AA62A8D00D1B1A1 /* Build configuration list for PBXProject "Scrumdinger" */;
			compatibilityVersion = "Xcode 14.0";
			developmentRegion = en;
			hasScannedForEncodings = 0;
			knownRegions = (
				en,
				Base,
			);
			mainGroup = FFE76FCB2AA62A8D00D1B1A1;
			productRefGroup = FFE76FD52AA62A8D00D1B1A1 /* Products */;
			projectDirPath = "";
			projectRoot = "";
			targets = (
				FFE76FD32AA62A8D00D1B1A1 /* Scrumdinger */,
			);
		};
/* End PBXProject section */

/* Begin PBXResourcesBuildPhase section */
		FFE76FD22AA62A8D00D1B1A1 /* Resources */ = {
			isa = PBXResourcesBuildPhase;
			buildActionMask = 2147483647;
			files = (
				FFE76FDF2AA62A8E00D1B1A1 /* Preview Assets.xcassets in Resources */,
				FFE76FDC2AA62A8E00D1B1A1 /* Assets.xcassets in Resources */,
				FF903C542AAB904F00D2A128 /* sound in Resources */,
			);
			runOnlyForDeploymentPostprocessing = 0;
		};
/* End PBXResourcesBuildPhase section */

/* Begin PBXSourcesBuildPhase section */
		FFE76FD02AA62A8D00D1B1A1 /* Sources */ = {
			isa = PBXSourcesBuildPhase;
			buildActionMask = 2147483647;
			files = (
				FF6719952AACF9A100F80617 /* History.swift in Sources */,
				FF998AC92AA90FC00099345B /* ThemePicker.swift in Sources */,
				FFE76FE92AA685DE00D1B1A1 /* DailyScrum.swift in Sources */,
				FF0F681E2AAB8B160068CAC5 /* ScrumTimer.swift in Sources */,
				FF151B902AAE52C0002BB9FD /* SpeakerArc.swift in Sources */,
				FF151B8A2AADC663002BB9FD /* ErrorView.swift in Sources */,
				FFFA25D62AA7F16F00F9CCA3 /* DetailView.swift in Sources */,
				FF151B8C2AAE4F6C002BB9FD /* MeetingTimerView.swift in Sources */,
				FF0F681C2AAB8B0B0068CAC5 /* AVPlayer+Ding.swift in Sources */,
				FF6719972AAD20C500F80617 /* ScrumStore.swift in Sources */,
				FF903C572AABB52B00D2A128 /* MeetingFooterView.swift in Sources */,
				FF151B882AADC5C1002BB9FD /* ErrorWrapper.swift in Sources */,
				FF4F1C352AAB86A700E30D7F /* MeetingHeaderView.swift in Sources */,
				FF5C092E2AA8DE4700B3D681 /* DetailEditView.swift in Sources */,
				FF903C592AABCB7D00D2A128 /* NewScrumSheet.swift in Sources */,
				FFE76FED2AA6987600D1B1A1 /* TrailingIconLabelStyle.swift in Sources */,
				FF0F68222AAB8B8C0068CAC5 /* ScrumProgressViewStyle.swift in Sources */,
				FF151B922AAE775F002BB9FD /* SpeechRecognizer.swift in Sources */,
				FFE76FE72AA6847E00D1B1A1 /* Theme.swift in Sources */,
				FFFA25D42AA7CE0B00F9CCA3 /* ScrumsView.swift in Sources */,
				FFE76FDA2AA62A8D00D1B1A1 /* MeetingView.swift in Sources */,
				FFE76FD82AA62A8D00D1B1A1 /* ScrumdingerApp.swift in Sources */,
				FF998AC72AA90B330099345B /* ThemeView.swift in Sources */,
				FFE76FEB2AA6876100D1B1A1 /* CardView.swift in Sources */,
			);
			runOnlyForDeploymentPostprocessing = 0;
		};
/* End PBXSourcesBuildPhase section */

/* Begin XCBuildConfiguration section */
		FFE76FE02AA62A8E00D1B1A1 /* Debug */ = {
			isa = XCBuildConfiguration;
			buildSettings = {
				ALWAYS_SEARCH_USER_PATHS = NO;
				CLANG_ANALYZER_NONNULL = YES;
				CLANG_ANALYZER_NUMBER_OBJECT_CONVERSION = YES_AGGRESSIVE;
				CLANG_CXX_LANGUAGE_STANDARD = "gnu++20";
				CLANG_ENABLE_MODULES = YES;
				CLANG_ENABLE_OBJC_ARC = YES;
				CLANG_ENABLE_OBJC_WEAK = YES;
				CLANG_WARN_BLOCK_CAPTURE_AUTORELEASING = YES;
				CLANG_WARN_BOOL_CONVERSION = YES;
				CLANG_WARN_COMMA = YES;
				CLANG_WARN_CONSTANT_CONVERSION = YES;
				CLANG_WARN_DEPRECATED_OBJC_IMPLEMENTATIONS = YES;
				CLANG_WARN_DIRECT_OBJC_ISA_USAGE = YES_ERROR;
				CLANG_WARN_DOCUMENTATION_COMMENTS = YES;
				CLANG_WARN_EMPTY_BODY = YES;
				CLANG_WARN_ENUM_CONVERSION = YES;
				CLANG_WARN_INFINITE_RECURSION = YES;
				CLANG_WARN_INT_CONVERSION = YES;
				CLANG_WARN_NON_LITERAL_NULL_CONVERSION = YES;
				CLANG_WARN_OBJC_IMPLICIT_RETAIN_SELF = YES;
				CLANG_WARN_OBJC_LITERAL_CONVERSION = YES;
				CLANG_WARN_OBJC_ROOT_CLASS = YES_ERROR;
				CLANG_WARN_QUOTED_INCLUDE_IN_FRAMEWORK_HEADER = YES;
				CLANG_WARN_RANGE_LOOP_ANALYSIS = YES;
				CLANG_WARN_STRICT_PROTOTYPES = YES;
				CLANG_WARN_SUSPICIOUS_MOVE = YES;
				CLANG_WARN_UNGUARDED_AVAILABILITY = YES_AGGRESSIVE;
				CLANG_WARN_UNREACHABLE_CODE = YES;
				CLANG_WARN__DUPLICATE_METHOD_MATCH = YES;
				COPY_PHASE_STRIP = NO;
				DEBUG_INFORMATION_FORMAT = dwarf;
				ENABLE_STRICT_OBJC_MSGSEND = YES;
				ENABLE_TESTABILITY = YES;
				GCC_C_LANGUAGE_STANDARD = gnu11;
				GCC_DYNAMIC_NO_PIC = NO;
				GCC_NO_COMMON_BLOCKS = YES;
				GCC_OPTIMIZATION_LEVEL = 0;
				GCC_PREPROCESSOR_DEFINITIONS = (
					"DEBUG=1",
					"$(inherited)",
				);
				GCC_WARN_64_TO_32_BIT_CONVERSION = YES;
				GCC_WARN_ABOUT_RETURN_TYPE = YES_ERROR;
				GCC_WARN_UNDECLARED_SELECTOR = YES;
				GCC_WARN_UNINITIALIZED_AUTOS = YES_AGGRESSIVE;
				GCC_WARN_UNUSED_FUNCTION = YES;
				GCC_WARN_UNUSED_VARIABLE = YES;
				IPHONEOS_DEPLOYMENT_TARGET = 16.4;
				MTL_ENABLE_DEBUG_INFO = INCLUDE_SOURCE;
				MTL_FAST_MATH = YES;
				ONLY_ACTIVE_ARCH = YES;
				SDKROOT = iphoneos;
				SWIFT_ACTIVE_COMPILATION_CONDITIONS = DEBUG;
				SWIFT_OPTIMIZATION_LEVEL = "-Onone";
			};
			name = Debug;
		};
		FFE76FE12AA62A8E00D1B1A1 /* Release */ = {
			isa = XCBuildConfiguration;
			buildSettings = {
				ALWAYS_SEARCH_USER_PATHS = NO;
				CLANG_ANALYZER_NONNULL = YES;
				CLANG_ANALYZER_NUMBER_OBJECT_CONVERSION = YES_AGGRESSIVE;
				CLANG_CXX_LANGUAGE_STANDARD = "gnu++20";
				CLANG_ENABLE_MODULES = YES;
				CLANG_ENABLE_OBJC_ARC = YES;
				CLANG_ENABLE_OBJC_WEAK = YES;
				CLANG_WARN_BLOCK_CAPTURE_AUTORELEASING = YES;
				CLANG_WARN_BOOL_CONVERSION = YES;
				CLANG_WARN_COMMA = YES;
				CLANG_WARN_CONSTANT_CONVERSION = YES;
				CLANG_WARN_DEPRECATED_OBJC_IMPLEMENTATIONS = YES;
				CLANG_WARN_DIRECT_OBJC_ISA_USAGE = YES_ERROR;
				CLANG_WARN_DOCUMENTATION_COMMENTS = YES;
				CLANG_WARN_EMPTY_BODY = YES;
				CLANG_WARN_ENUM_CONVERSION = YES;
				CLANG_WARN_INFINITE_RECURSION = YES;
				CLANG_WARN_INT_CONVERSION = YES;
				CLANG_WARN_NON_LITERAL_NULL_CONVERSION = YES;
				CLANG_WARN_OBJC_IMPLICIT_RETAIN_SELF = YES;
				CLANG_WARN_OBJC_LITERAL_CONVERSION = YES;
				CLANG_WARN_OBJC_ROOT_CLASS = YES_ERROR;
				CLANG_WARN_QUOTED_INCLUDE_IN_FRAMEWORK_HEADER = YES;
				CLANG_WARN_RANGE_LOOP_ANALYSIS = YES;
				CLANG_WARN_STRICT_PROTOTYPES = YES;
				CLANG_WARN_SUSPICIOUS_MOVE = YES;
				CLANG_WARN_UNGUARDED_AVAILABILITY = YES_AGGRESSIVE;
				CLANG_WARN_UNREACHABLE_CODE = YES;
				CLANG_WARN__DUPLICATE_METHOD_MATCH = YES;
				COPY_PHASE_STRIP = NO;
				DEBUG_INFORMATION_FORMAT = "dwarf-with-dsym";
				ENABLE_NS_ASSERTIONS = NO;
				ENABLE_STRICT_OBJC_MSGSEND = YES;
				GCC_C_LANGUAGE_STANDARD = gnu11;
				GCC_NO_COMMON_BLOCKS = YES;
				GCC_WARN_64_TO_32_BIT_CONVERSION = YES;
				GCC_WARN_ABOUT_RETURN_TYPE = YES_ERROR;
				GCC_WARN_UNDECLARED_SELECTOR = YES;
				GCC_WARN_UNINITIALIZED_AUTOS = YES_AGGRESSIVE;
				GCC_WARN_UNUSED_FUNCTION = YES;
				GCC_WARN_UNUSED_VARIABLE = YES;
				IPHONEOS_DEPLOYMENT_TARGET = 16.4;
				MTL_ENABLE_DEBUG_INFO = NO;
				MTL_FAST_MATH = YES;
				SDKROOT = iphoneos;
				SWIFT_COMPILATION_MODE = wholemodule;
				SWIFT_OPTIMIZATION_LEVEL = "-O";
				VALIDATE_PRODUCT = YES;
			};
			name = Release;
		};
		FFE76FE32AA62A8E00D1B1A1 /* Debug */ = {
			isa = XCBuildConfiguration;
			buildSettings = {
				ASSETCATALOG_COMPILER_APPICON_NAME = AppIcon;
				ASSETCATALOG_COMPILER_GLOBAL_ACCENT_COLOR_NAME = AccentColor;
				CODE_SIGN_STYLE = Automatic;
				CURRENT_PROJECT_VERSION = 1;
				DEVELOPMENT_ASSET_PATHS = "\"Scrumdinger/Preview Content\"";
				DEVELOPMENT_TEAM = 9LQZ2J88RG;
				ENABLE_PREVIEWS = YES;
				GENERATE_INFOPLIST_FILE = YES;
				INFOPLIST_KEY_UIApplicationSceneManifest_Generation = YES;
				INFOPLIST_KEY_UIApplicationSupportsIndirectInputEvents = YES;
				INFOPLIST_KEY_UILaunchScreen_Generation = YES;
				INFOPLIST_KEY_UISupportedInterfaceOrientations = "UIInterfaceOrientationLandscapeLeft UIInterfaceOrientationLandscapeRight UIInterfaceOrientationPortrait";
				IPHONEOS_DEPLOYMENT_TARGET = 16.4;
				LD_RUNPATH_SEARCH_PATHS = (
					"$(inherited)",
					"@executable_path/Frameworks",
				);
				MARKETING_VERSION = 1.0;
				PRODUCT_BUNDLE_IDENTIFIER = com.hamihash.Scrumdinger;
				PRODUCT_NAME = "$(TARGET_NAME)";
				SWIFT_EMIT_LOC_STRINGS = YES;
				SWIFT_VERSION = 5.0;
				TARGETED_DEVICE_FAMILY = "1,2";
			};
			name = Debug;
		};
		FFE76FE42AA62A8E00D1B1A1 /* Release */ = {
			isa = XCBuildConfiguration;
			buildSettings = {
				ASSETCATALOG_COMPILER_APPICON_NAME = AppIcon;
				ASSETCATALOG_COMPILER_GLOBAL_ACCENT_COLOR_NAME = AccentColor;
				CODE_SIGN_STYLE = Automatic;
				CURRENT_PROJECT_VERSION = 1;
				DEVELOPMENT_ASSET_PATHS = "\"Scrumdinger/Preview Content\"";
				DEVELOPMENT_TEAM = 9LQZ2J88RG;
				ENABLE_PREVIEWS = YES;
				GENERATE_INFOPLIST_FILE = YES;
				INFOPLIST_KEY_UIApplicationSceneManifest_Generation = YES;
				INFOPLIST_KEY_UIApplicationSupportsIndirectInputEvents = YES;
				INFOPLIST_KEY_UILaunchScreen_Generation = YES;
				INFOPLIST_KEY_UISupportedInterfaceOrientations = "UIInterfaceOrientationLandscapeLeft UIInterfaceOrientationLandscapeRight UIInterfaceOrientationPortrait";
				IPHONEOS_DEPLOYMENT_TARGET = 16.4;
				LD_RUNPATH_SEARCH_PATHS = (
					"$(inherited)",
					"@executable_path/Frameworks",
				);
				MARKETING_VERSION = 1.0;
				PRODUCT_BUNDLE_IDENTIFIER = com.hamihash.Scrumdinger;
				PRODUCT_NAME = "$(TARGET_NAME)";
				SWIFT_EMIT_LOC_STRINGS = YES;
				SWIFT_VERSION = 5.0;
				TARGETED_DEVICE_FAMILY = "1,2";
			};
			name = Release;
		};
/* End XCBuildConfiguration section */

/* Begin XCConfigurationList section */
		FFE76FCF2AA62A8D00D1B1A1 /* Build configuration list for PBXProject "Scrumdinger" */ = {
			isa = XCConfigurationList;
			buildConfigurations = (
				FFE76FE02AA62A8E00D1B1A1 /* Debug */,
				FFE76FE12AA62A8E00D1B1A1 /* Release */,
			);
			defaultConfigurationIsVisible = 0;
			defaultConfigurationName = Release;
		};
		FFE76FE22AA62A8E00D1B1A1 /* Build configuration list for PBXNativeTarget "Scrumdinger" */ = {
			isa = XCConfigurationList;
			buildConfigurations = (
				FFE76FE32AA62A8E00D1B1A1 /* Debug */,
				FFE76FE42AA62A8E00D1B1A1 /* Release */,
			);
			defaultConfigurationIsVisible = 0;
			defaultConfigurationName = Release;
		};
/* End XCConfigurationList section */
	};
	rootObject = FFE76FCC2AA62A8D00D1B1A1 /* Project object */;
}
